
Microsoft Visual Studio Solution File, Format Version 12.00
# Visual Studio Version 17
VisualStudioVersion = 17.11.35312.102
MinimumVisualStudioVersion = 10.0.40219.1
Project("{FAE04EC0-301F-11D3-BF4B-00C04F79EFBC}") = "FirstCSharpFundamentals", "FirstCSharpFundamentals\FirstCSharpFundamentals.csproj", "{511A2938-94C3-434A-92F8-B897479E9C54}"
EndProject
Project("{FAE04EC0-301F-11D3-BF4B-00C04F79EFBC}") = "SecondCSharpFundamentals", "SecondCSharpFundamentals\SecondCSharpFundamentals.csproj", "{C618825C-5D21-4D77-BD29-14C6A3A5B54F}"
EndProject
Project("{FAE04EC0-301F-11D3-BF4B-00C04F79EFBC}") = "ThirdCSharpFundamentals", "ThirdCSharpFundamentals\ThirdCSharpFundamentals.csproj", "{1F5138EF-AB5A-417D-AD49-CA3ED14C89CE}"
EndProject
Project("{FAE04EC0-301F-11D3-BF4B-00C04F79EFBC}") = "FourthCSharpFundamentals", "FourthCSharpFundamentals\FourthCSharpFundamentals.csproj", "{90476267-F1AD-439D-B203-87955B141F43}"
EndProject
Project("{FAE04EC0-301F-11D3-BF4B-00C04F79EFBC}") = "FifthCSharpFundamentals", "FifthCSharpFundamentals\FifthCSharpFundamentals.csproj", "{EC65968B-B432-484F-A60B-CD7FB79218CF}"
EndProject
Global
	GlobalSection(SolutionConfigurationPlatforms) = preSolution
		Debug|Any CPU = Debug|Any CPU
		Release|Any CPU = Release|Any CPU
	EndGlobalSection
	GlobalSection(ProjectConfigurationPlatforms) = postSolution
		{511A2938-94C3-434A-92F8-B897479E9C54}.Debug|Any CPU.ActiveCfg = Debug|Any CPU
		{511A2938-94C3-434A-92F8-B897479E9C54}.Debug|Any CPU.Build.0 = Debug|Any CPU
		{511A2938-94C3-434A-92F8-B897479E9C54}.Release|Any CPU.ActiveCfg = Release|Any CPU
		{511A2938-94C3-434A-92F8-B897479E9C54}.Release|Any CPU.Build.0 = Release|Any CPU
		{C618825C-5D21-4D77-BD29-14C6A3A5B54F}.Debug|Any CPU.ActiveCfg = Debug|Any CPU
		{C618825C-5D21-4D77-BD29-14C6A3A5B54F}.Debug|Any CPU.Build.0 = Debug|Any CPU
		{C618825C-5D21-4D77-BD29-14C6A3A5B54F}.Release|Any CPU.ActiveCfg = Release|Any CPU
		{C618825C-5D21-4D77-BD29-14C6A3A5B54F}.Release|Any CPU.Build.0 = Release|Any CPU
		{1F5138EF-AB5A-417D-AD49-CA3ED14C89CE}.Debug|Any CPU.ActiveCfg = Debug|Any CPU
		{1F5138EF-AB5A-417D-AD49-CA3ED14C89CE}.Debug|Any CPU.Build.0 = Debug|Any CPU
		{1F5138EF-AB5A-417D-AD49-CA3ED14C89CE}.Release|Any CPU.ActiveCfg = Release|Any CPU
		{1F5138EF-AB5A-417D-AD49-CA3ED14C89CE}.Release|Any CPU.Build.0 = Release|Any CPU
		{90476267-F1AD-439D-B203-87955B141F43}.Debug|Any CPU.ActiveCfg = Debug|Any CPU
		{90476267-F1AD-439D-B203-87955B141F43}.Debug|Any CPU.Build.0 = Debug|Any CPU
		{90476267-F1AD-439D-B203-87955B141F43}.Release|Any CPU.ActiveCfg = Release|Any CPU
		{90476267-F1AD-439D-B203-87955B141F43}.Release|Any CPU.Build.0 = Release|Any CPU
		{EC65968B-B432-484F-A60B-CD7FB79218CF}.Debug|Any CPU.ActiveCfg = Debug|Any CPU
		{EC65968B-B432-484F-A60B-CD7FB79218CF}.Debug|Any CPU.Build.0 = Debug|Any CPU
		{EC65968B-B432-484F-A60B-CD7FB79218CF}.Release|Any CPU.ActiveCfg = Release|Any CPU
		{EC65968B-B432-484F-A60B-CD7FB79218CF}.Release|Any CPU.Build.0 = Release|Any CPU
	EndGlobalSection
	GlobalSection(SolutionProperties) = preSolution
		HideSolutionNode = FALSE
	EndGlobalSection
	GlobalSection(ExtensibilityGlobals) = postSolution
		SolutionGuid = {BE92C89D-4A1D-4C45-91E4-38B3A867E5FE}
	EndGlobalSection
EndGlobal
